// !$*UTF8*$!
{
	archiveVersion = 1;
	classes = {
	};
	objectVersion = 46;
	objects = {

/* Begin PBXBuildFile section */
		8A95CABB1AA62D8B005D08EF /* main.m in Sources */ = {isa = PBXBuildFile; fileRef = 8A95CABA1AA62D8B005D08EF /* main.m */; };
		8A95CABE1AA62D8B005D08EF /* AppDelegate.m in Sources */ = {isa = PBXBuildFile; fileRef = 8A95CABD1AA62D8B005D08EF /* AppDelegate.m */; };
		8A95CAC11AA62D8B005D08EF /* ViewController.m in Sources */ = {isa = PBXBuildFile; fileRef = 8A95CAC01AA62D8B005D08EF /* ViewController.m */; };
		8A95CAC41AA62D8B005D08EF /* Main.storyboard in Resources */ = {isa = PBXBuildFile; fileRef = 8A95CAC21AA62D8B005D08EF /* Main.storyboard */; };
		8A95CAC61AA62D8B005D08EF /* Images.xcassets in Resources */ = {isa = PBXBuildFile; fileRef = 8A95CAC51AA62D8B005D08EF /* Images.xcassets */; };
		8A95CAC91AA62D8B005D08EF /* LaunchScreen.xib in Resources */ = {isa = PBXBuildFile; fileRef = 8A95CAC71AA62D8B005D08EF /* LaunchScreen.xib */; };
		8A95CAD51AA62D8B005D08EF /* ExampleAFNetworkingTests.m in Sources */ = {isa = PBXBuildFile; fileRef = 8A95CAD41AA62D8B005D08EF /* ExampleAFNetworkingTests.m */; };
/* End PBXBuildFile section */

/* Begin PBXContainerItemProxy section */
		8A95CACF1AA62D8B005D08EF /* PBXContainerItemProxy */ = {
			isa = PBXContainerItemProxy;
			containerPortal = 8A95CAAD1AA62D8B005D08EF /* Project object */;
			proxyType = 1;
			remoteGlobalIDString = 8A95CAB41AA62D8B005D08EF;
			remoteInfo = ExampleAFNetworking;
		};
/* End PBXContainerItemProxy section */

/* Begin PBXFileReference section */
		8A95CAB51AA62D8B005D08EF /* ExampleAFNetworking.app */ = {isa = PBXFileReference; explicitFileType = wrapper.application; includeInIndex = 0; path = ExampleAFNetworking.app; sourceTree = BUILT_PRODUCTS_DIR; };
		8A95CAB91AA62D8B005D08EF /* Info.plist */ = {isa = PBXFileReference; lastKnownFileType = text.plist.xml; path = Info.plist; sourceTree = "<group>"; };
		8A95CABA1AA62D8B005D08EF /* main.m */ = {isa = PBXFileReference; lastKnownFileType = sourcecode.c.objc; path = main.m; sourceTree = "<group>"; };
		8A95CABC1AA62D8B005D08EF /* AppDelegate.h */ = {isa = PBXFileReference; lastKnownFileType = sourcecode.c.h; path = AppDelegate.h; sourceTree = "<group>"; };
		8A95CABD1AA62D8B005D08EF /* AppDelegate.m */ = {isa = PBXFileReference; lastKnownFileType = sourcecode.c.objc; path = AppDelegate.m; sourceTree = "<group>"; };
		8A95CABF1AA62D8B005D08EF /* ViewController.h */ = {isa = PBXFileReference; lastKnownFileType = sourcecode.c.h; path = ViewController.h; sourceTree = "<group>"; };
		8A95CAC01AA62D8B005D08EF /* ViewController.m */ = {isa = PBXFileReference; lastKnownFileType = sourcecode.c.objc; path = ViewController.m; sourceTree = "<group>"; };
		8A95CAC31AA62D8B005D08EF /* Base */ = {isa = PBXFileReference; lastKnownFileType = file.storyboard; name = Base; path = Base.lproj/Main.storyboard; sourceTree = "<group>"; };
		8A95CAC51AA62D8B005D08EF /* Images.xcassets */ = {isa = PBXFileReference; lastKnownFileType = folder.assetcatalog; path = Images.xcassets; sourceTree = "<group>"; };
		8A95CAC81AA62D8B005D08EF /* Base */ = {isa = PBXFileReference; lastKnownFileType = file.xib; name = Base; path = Base.lproj/LaunchScreen.xib; sourceTree = "<group>"; };
		8A95CACE1AA62D8B005D08EF /* ExampleAFNetworkingTests.xctest */ = {isa = PBXFileReference; explicitFileType = wrapper.cfbundle; includeInIndex = 0; path = ExampleAFNetworkingTests.xctest; sourceTree = BUILT_PRODUCTS_DIR; };
		8A95CAD31AA62D8B005D08EF /* Info.plist */ = {isa = PBXFileReference; lastKnownFileType = text.plist.xml; path = Info.plist; sourceTree = "<group>"; };
		8A95CAD41AA62D8B005D08EF /* ExampleAFNetworkingTests.m */ = {isa = PBXFileReference; lastKnownFileType = sourcecode.c.objc; path = ExampleAFNetworkingTests.m; sourceTree = "<group>"; };
/* End PBXFileReference section */

/* Begin PBXFrameworksBuildPhase section */
		8A95CAB21AA62D8B005D08EF /* Frameworks */ = {
			isa = PBXFrameworksBuildPhase;
			buildActionMask = 2147483647;
			files = (
			);
			runOnlyForDeploymentPostprocessing = 0;
		};
		8A95CACB1AA62D8B005D08EF /* Frameworks */ = {
			isa = PBXFrameworksBuildPhase;
			buildActionMask = 2147483647;
			files = (
			);
			runOnlyForDeploymentPostprocessing = 0;
		};
/* End PBXFrameworksBuildPhase section */

/* Begin PBXGroup section */
		8A95CAAC1AA62D8B005D08EF = {
			isa = PBXGroup;
			children = (
				8A95CAB71AA62D8B005D08EF /* ExampleAFNetworking */,
				8A95CAD11AA62D8B005D08EF /* ExampleAFNetworkingTests */,
				8A95CAB61AA62D8B005D08EF /* Products */,
			);
			sourceTree = "<group>";
		};
		8A95CAB61AA62D8B005D08EF /* Products */ = {
			isa = PBXGroup;
			children = (
				8A95CAB51AA62D8B005D08EF /* ExampleAFNetworking.app */,
				8A95CACE1AA62D8B005D08EF /* ExampleAFNetworkingTests.xctest */,
			);
			name = Products;
			sourceTree = "<group>";
		};
		8A95CAB71AA62D8B005D08EF /* ExampleAFNetworking */ = {
			isa = PBXGroup;
			children = (
				8A95CABC1AA62D8B005D08EF /* AppDelegate.h */,
				8A95CABD1AA62D8B005D08EF /* AppDelegate.m */,
				8A95CABF1AA62D8B005D08EF /* ViewController.h */,
				8A95CAC01AA62D8B005D08EF /* ViewController.m */,
				8A95CAC21AA62D8B005D08EF /* Main.storyboard */,
				8A95CAC51AA62D8B005D08EF /* Images.xcassets */,
				8A95CAC71AA62D8B005D08EF /* LaunchScreen.xib */,
				8A95CAB81AA62D8B005D08EF /* Supporting Files */,
			);
			path = ExampleAFNetworking;
			sourceTree = "<group>";
		};
		8A95CAB81AA62D8B005D08EF /* Supporting Files */ = {
			isa = PBXGroup;
			children = (
				8A95CAB91AA62D8B005D08EF /* Info.plist */,
				8A95CABA1AA62D8B005D08EF /* main.m */,
			);
			name = "Supporting Files";
			sourceTree = "<group>";
		};
		8A95CAD11AA62D8B005D08EF /* ExampleAFNetworkingTests */ = {
			isa = PBXGroup;
			children = (
				8A95CAD41AA62D8B005D08EF /* ExampleAFNetworkingTests.m */,
				8A95CAD21AA62D8B005D08EF /* Supporting Files */,
			);
			path = ExampleAFNetworkingTests;
			sourceTree = "<group>";
		};
		8A95CAD21AA62D8B005D08EF /* Supporting Files */ = {
			isa = PBXGroup;
			children = (
				8A95CAD31AA62D8B005D08EF /* Info.plist */,
			);
			name = "Supporting Files";
			sourceTree = "<group>";
		};
/* End PBXGroup section */

/* Begin PBXNativeTarget section */
		8A95CAB41AA62D8B005D08EF /* ExampleAFNetworking */ = {
			isa = PBXNativeTarget;
			buildConfigurationList = 8A95CAD81AA62D8B005D08EF /* Build configuration list for PBXNativeTarget "ExampleAFNetworking" */;
			buildPhases = (
				8A95CAB11AA62D8B005D08EF /* Sources */,
				8A95CAB21AA62D8B005D08EF /* Frameworks */,
				8A95CAB31AA62D8B005D08EF /* Resources */,
			);
			buildRules = (
			);
			dependencies = (
			);
			name = ExampleAFNetworking;
			productName = ExampleAFNetworking;
			productReference = 8A95CAB51AA62D8B005D08EF /* ExampleAFNetworking.app */;
			productType = "com.apple.product-type.application";
		};
		8A95CACD1AA62D8B005D08EF /* ExampleAFNetworkingTests */ = {
			isa = PBXNativeTarget;
			buildConfigurationList = 8A95CADB1AA62D8B005D08EF /* Build configuration list for PBXNativeTarget "ExampleAFNetworkingTests" */;
			buildPhases = (
				8A95CACA1AA62D8B005D08EF /* Sources */,
				8A95CACB1AA62D8B005D08EF /* Frameworks */,
				8A95CACC1AA62D8B005D08EF /* Resources */,
			);
			buildRules = (
			);
			dependencies = (
				8A95CAD01AA62D8B005D08EF /* PBXTargetDependency */,
			);
			name = ExampleAFNetworkingTests;
			productName = ExampleAFNetworkingTests;
			productReference = 8A95CACE1AA62D8B005D08EF /* ExampleAFNetworkingTests.xctest */;
			productType = "com.apple.product-type.bundle.unit-test";
		};
/* End PBXNativeTarget section */

/* Begin PBXProject section */
		8A95CAAD1AA62D8B005D08EF /* Project object */ = {
			isa = PBXProject;
			attributes = {
				LastUpgradeCheck = 0610;
				ORGANIZATIONNAME = com.giria;
				TargetAttributes = {
					8A95CAB41AA62D8B005D08EF = {
						CreatedOnToolsVersion = 6.1.1;
					};
					8A95CACD1AA62D8B005D08EF = {
						CreatedOnToolsVersion = 6.1.1;
						TestTargetID = 8A95CAB41AA62D8B005D08EF;
					};
				};
			};
			buildConfigurationList = 8A95CAB01AA62D8B005D08EF /* Build configuration list for PBXProject "ExampleAFNetworking" */;
			compatibilityVersion = "Xcode 3.2";
			developmentRegion = English;
			hasScannedForEncodings = 0;
			knownRegions = (
				en,
				Base,
			);
			mainGroup = 8A95CAAC1AA62D8B005D08EF;
			productRefGroup = 8A95CAB61AA62D8B005D08EF /* Products */;
			projectDirPath = "";
			projectRoot = "";
			targets = (
				8A95CAB41AA62D8B005D08EF /* ExampleAFNetworking */,
				8A95CACD1AA62D8B005D08EF /* ExampleAFNetworkingTests */,
			);
		};
/* End PBXProject section */

/* Begin PBXResourcesBuildPhase section */
		8A95CAB31AA62D8B005D08EF /* Resources */ = {
			isa = PBXResourcesBuildPhase;
			buildActionMask = 2147483647;
			files = (
				8A95CAC41AA62D8B005D08EF /* Main.storyboard in Resources */,
				8A95CAC91AA62D8B005D08EF /* LaunchScreen.xib in Resources */,
				8A95CAC61AA62D8B005D08EF /* Images.xcassets in Resources */,
			);
			runOnlyForDeploymentPostprocessing = 0;
		};
		8A95CACC1AA62D8B005D08EF /* Resources */ = {
			isa = PBXResourcesBuildPhase;
			buildActionMask = 2147483647;
			files = (
			);
			runOnlyForDeploymentPostprocessing = 0;
		};
/* End PBXResourcesBuildPhase section */

/* Begin PBXSourcesBuildPhase section */
		8A95CAB11AA62D8B005D08EF /* Sources */ = {
			isa = PBXSourcesBuildPhase;
			buildActionMask = 2147483647;
			files = (
				8A95CAC11AA62D8B005D08EF /* ViewController.m in Sources */,
				8A95CABE1AA62D8B005D08EF /* AppDelegate.m in Sources */,
				8A95CABB1AA62D8B005D08EF /* main.m in Sources */,
			);
			runOnlyForDeploymentPostprocessing = 0;
		};
		8A95CACA1AA62D8B005D08EF /* Sources */ = {
			isa = PBXSourcesBuildPhase;
			buildActionMask = 2147483647;
			files = (
				8A95CAD51AA62D8B005D08EF /* ExampleAFNetworkingTests.m in Sources */,
			);
			runOnlyForDeploymentPostprocessing = 0;
		};
/* End PBXSourcesBuildPhase section */

/* Begin PBXTargetDependency section */
		8A95CAD01AA62D8B005D08EF /* PBXTargetDependency */ = {
			isa = PBXTargetDependency;
			target = 8A95CAB41AA62D8B005D08EF /* ExampleAFNetworking */;
			targetProxy = 8A95CACF1AA62D8B005D08EF /* PBXContainerItemProxy */;
		};
/* End PBXTargetDependency section */

/* Begin PBXVariantGroup section */
		8A95CAC21AA62D8B005D08EF /* Main.storyboard */ = {
			isa = PBXVariantGroup;
			children = (
				8A95CAC31AA62D8B005D08EF /* Base */,
			);
			name = Main.storyboard;
			sourceTree = "<group>";
		};
		8A95CAC71AA62D8B005D08EF /* LaunchScreen.xib */ = {
			isa = PBXVariantGroup;
			children = (
				8A95CAC81AA62D8B005D08EF /* Base */,
			);
			name = LaunchScreen.xib;
			sourceTree = "<group>";
		};
/* End PBXVariantGroup section */

/* Begin XCBuildConfiguration section */
		8A95CAD61AA62D8B005D08EF /* Debug */ = {
			isa = XCBuildConfiguration;
			buildSettings = {
				ALWAYS_SEARCH_USER_PATHS = NO;
				CLANG_CXX_LANGUAGE_STANDARD = "gnu++0x";
				CLANG_CXX_LIBRARY = "libc++";
				CLANG_ENABLE_MODULES = YES;
				CLANG_ENABLE_OBJC_ARC = YES;
				CLANG_WARN_BOOL_CONVERSION = YES;
				CLANG_WARN_CONSTANT_CONVERSION = YES;
				CLANG_WARN_DIRECT_OBJC_ISA_USAGE = YES_ERROR;
				CLANG_WARN_EMPTY_BODY = YES;
				CLANG_WARN_ENUM_CONVERSION = YES;
				CLANG_WARN_INT_CONVERSION = YES;
				CLANG_WARN_OBJC_ROOT_CLASS = YES_ERROR;
				CLANG_WARN_UNREACHABLE_CODE = YES;
				CLANG_WARN__DUPLICATE_METHOD_MATCH = YES;
				"CODE_SIGN_IDENTITY[sdk=iphoneos*]" = "iPhone Developer";
				COPY_PHASE_STRIP = NO;
				ENABLE_STRICT_OBJC_MSGSEND = YES;
				GCC_C_LANGUAGE_STANDARD = gnu99;
				GCC_DYNAMIC_NO_PIC = NO;
				GCC_OPTIMIZATION_LEVEL = 0;
				GCC_PREPROCESSOR_DEFINITIONS = (
					"DEBUG=1",
					"$(inherited)",
				);
				GCC_SYMBOLS_PRIVATE_EXTERN = NO;
				GCC_WARN_64_TO_32_BIT_CONVERSION = YES;
				GCC_WARN_ABOUT_RETURN_TYPE = YES_ERROR;
				GCC_WARN_UNDECLARED_SELECTOR = YES;
				GCC_WARN_UNINITIALIZED_AUTOS = YES_AGGRESSIVE;
				GCC_WARN_UNUSED_FUNCTION = YES;
				GCC_WARN_UNUSED_VARIABLE = YES;
				IPHONEOS_DEPLOYMENT_TARGET = 8.1;
				MTL_ENABLE_DEBUG_INFO = YES;
				ONLY_ACTIVE_ARCH = YES;
				SDKROOT = iphoneos;
			};
			name = Debug;
		};
		8A95CAD71AA62D8B005D08EF /* Release */ = {
			isa = XCBuildConfiguration;
			buildSettings = {
				ALWAYS_SEARCH_USER_PATHS = NO;
				CLANG_CXX_LANGUAGE_STANDARD = "gnu++0x";
				CLANG_CXX_LIBRARY = "libc++";
				CLANG_ENABLE_MODULES = YES;
				CLANG_ENABLE_OBJC_ARC = YES;
				CLANG_WARN_BOOL_CONVERSION = YES;
				CLANG_WARN_CONSTANT_CONVERSION = YES;
				CLANG_WARN_DIRECT_OBJC_ISA_USAGE = YES_ERROR;
				CLANG_WARN_EMPTY_BODY = YES;
				CLANG_WARN_ENUM_CONVERSION = YES;
				CLANG_WARN_INT_CONVERSION = YES;
				CLANG_WARN_OBJC_ROOT_CLASS = YES_ERROR;
				CLANG_WARN_UNREACHABLE_CODE = YES;
				CLANG_WARN__DUPLICATE_METHOD_MATCH = YES;
				"CODE_SIGN_IDENTITY[sdk=iphoneos*]" = "iPhone Developer";
				COPY_PHASE_STRIP = YES;
				ENABLE_NS_ASSERTIONS = NO;
				ENABLE_STRICT_OBJC_MSGSEND = YES;
				GCC_C_LANGUAGE_STANDARD = gnu99;
				GCC_WARN_64_TO_32_BIT_CONVERSION = YES;
				GCC_WARN_ABOUT_RETURN_TYPE = YES_ERROR;
				GCC_WARN_UNDECLARED_SELECTOR = YES;
				GCC_WARN_UNINITIALIZED_AUTOS = YES_AGGRESSIVE;
				GCC_WARN_UNUSED_FUNCTION = YES;
				GCC_WARN_UNUSED_VARIABLE = YES;
				IPHONEOS_DEPLOYMENT_TARGET = 8.1;
				MTL_ENABLE_DEBUG_INFO = NO;
				SDKROOT = iphoneos;
				VALIDATE_PRODUCT = YES;
			};
			name = Release;
		};
		8A95CAD91AA62D8B005D08EF /* Debug */ = {
			isa = XCBuildConfiguration;
			buildSettings = {
				ASSETCATALOG_COMPILER_APPICON_NAME = AppIcon;
				INFOPLIST_FILE = ExampleAFNetworking/Info.plist;
				LD_RUNPATH_SEARCH_PATHS = "$(inherited) @executable_path/Frameworks";
				PRODUCT_NAME = "$(TARGET_NAME)";
			};
			name = Debug;
		};
		8A95CADA1AA62D8B005D08EF /* Release */ = {
			isa = XCBuildConfiguration;
			buildSettings = {
				ASSETCATALOG_COMPILER_APPICON_NAME = AppIcon;
				INFOPLIST_FILE = ExampleAFNetworking/Info.plist;
				LD_RUNPATH_SEARCH_PATHS = "$(inherited) @executable_path/Frameworks";
				PRODUCT_NAME = "$(TARGET_NAME)";
			};
			name = Release;
		};
		8A95CADC1AA62D8B005D08EF /* Debug */ = {
			isa = XCBuildConfiguration;
			buildSettings = {
				BUNDLE_LOADER = "$(TEST_HOST)";
				FRAMEWORK_SEARCH_PATHS = (
					"$(SDKROOT)/Developer/Library/Frameworks",
					"$(inherited)",
				);
				GCC_PREPROCESSOR_DEFINITIONS = (
					"DEBUG=1",
					"$(inherited)",
				);
				INFOPLIST_FILE = ExampleAFNetworkingTests/Info.plist;
				LD_RUNPATH_SEARCH_PATHS = "$(inherited) @executable_path/Frameworks @loader_path/Frameworks";
				PRODUCT_NAME = "$(TARGET_NAME)";
				TEST_HOST = "$(BUILT_PRODUCTS_DIR)/ExampleAFNetworking.app/ExampleAFNetworking";
			};
			name = Debug;
		};
		8A95CADD1AA62D8B005D08EF /* Release */ = {
			isa = XCBuildConfiguration;
			buildSettings = {
				BUNDLE_LOADER = "$(TEST_HOST)";
				FRAMEWORK_SEARCH_PATHS = (
					"$(SDKROOT)/Developer/Library/Frameworks",
					"$(inherited)",
				);
				INFOPLIST_FILE = ExampleAFNetworkingTests/Info.plist;
				LD_RUNPATH_SEARCH_PATHS = "$(inherited) @executable_path/Frameworks @loader_path/Frameworks";
				PRODUCT_NAME = "$(TARGET_NAME)";
				TEST_HOST = "$(BUILT_PRODUCTS_DIR)/ExampleAFNetworking.app/ExampleAFNetworking";
			};
			name = Release;
		};
/* End XCBuildConfiguration section */

/* Begin XCConfigurationList section */
		8A95CAB01AA62D8B005D08EF /* Build configuration list for PBXProject "ExampleAFNetworking" */ = {
			isa = XCConfigurationList;
			buildConfigurations = (
				8A95CAD61AA62D8B005D08EF /* Debug */,
				8A95CAD71AA62D8B005D08EF /* Release */,
			);
			defaultConfigurationIsVisible = 0;
			defaultConfigurationName = Release;
		};
		8A95CAD81AA62D8B005D08EF /* Build configuration list for PBXNativeTarget "ExampleAFNetworking" */ = {
			isa = XCConfigurationList;
			buildConfigurations = (
				8A95CAD91AA62D8B005D08EF /* Debug */,
				8A95CADA1AA62D8B005D08EF /* Release */,
			);
			defaultConfigurationIsVisible = 0;
		};
		8A95CADB1AA62D8B005D08EF /* Build configuration list for PBXNativeTarget "ExampleAFNetworkingTests" */ = {
			isa = XCConfigurationList;
			buildConfigurations = (
				8A95CADC1AA62D8B005D08EF /* Debug */,
				8A95CADD1AA62D8B005D08EF /* Release */,
			);
			defaultConfigurationIsVisible = 0;
		};
/* End XCConfigurationList section */
	};
	rootObject = 8A95CAAD1AA62D8B005D08EF /* Project object */;
}
